{
  "name": "project-2",
  "version": "1.0.0",
  "lockfileVersion": 1,
  "requires": true,
  "dependencies": {
    "easytimer.js": {
      "version": "3.0.1",
      "resolved": "https://registry.npmjs.org/easytimer.js/-/easytimer.js-3.0.1.tgz",
      "integrity": "sha512-vATrNn45VMQ1rNA2akLH+DhchPwQWZjjsTEcRq9kyYICE9FILM8DHgbYvqzLx/PytW05REeDjXDIFFCP+Hobwg=="
    }
  }
}
